
Microsoft Visual Studio Solution File, Format Version 12.00
# Visual Studio 15
VisualStudioVersion = 15.0.28307.902
MinimumVisualStudioVersion = 10.0.40219.1
Project("{DA7A21FA-8162-4350-AD77-A8D1B671F3ED}") = "Taxi7R25", "Taxi7R25\Taxi7R25.rxproj", "{A5CCB7D5-89DE-4C51-8420-E5BD9F53760D}"
EndProject
Global
	GlobalSection(SolutionConfigurationPlatforms) = preSolution
		Debug|Any CPU = Debug|Any CPU
		Release|Any CPU = Release|Any CPU
	EndGlobalSection
	GlobalSection(ProjectConfigurationPlatforms) = postSolution
		{A5CCB7D5-89DE-4C51-8420-E5BD9F53760D}.Debug|Any CPU.ActiveCfg = Debug|Any CPU
		{A5CCB7D5-89DE-4C51-8420-E5BD9F53760D}.Debug|Any CPU.Build.0 = Debug|Any CPU
		{A5CCB7D5-89DE-4C51-8420-E5BD9F53760D}.Release|Any CPU.ActiveCfg = Release|Any CPU
		{A5CCB7D5-89DE-4C51-8420-E5BD9F53760D}.Release|Any CPU.Build.0 = Release|Any CPU
	EndGlobalSection
	GlobalSection(SolutionProperties) = preSolution
		HideSolutionNode = FALSE
	EndGlobalSection
	GlobalSection(ExtensibilityGlobals) = postSolution
		SolutionGuid = {508A7274-83DB-4296-BB7B-0CFB069BCE77}
	EndGlobalSection
EndGlobal
